
Microsoft Visual Studio Solution File, Format Version 12.00
Project("{2150E333-8FDC-42A3-9474-1A3956D46DE8}") = "TS.Application", "TS.Application", "{4C7A2105-C7B7-4F60-94E0-2C09A3D5F184}"
EndProject
Project("{2150E333-8FDC-42A3-9474-1A3956D46DE8}") = "TS.Business", "TS.Business", "{C028A5A4-D01F-4B5E-99A3-84FF85E54FD6}"
EndProject
Project("{2150E333-8FDC-42A3-9474-1A3956D46DE8}") = "TS.Data", "TS.Data", "{03E759CF-0ADE-40C0-9667-D155FC1B355D}"
EndProject
Project("{2150E333-8FDC-42A3-9474-1A3956D46DE8}") = "TS.Utlities", "TS.Utlities", "{072F690C-C3C8-4531-A951-E09A975B4698}"
EndProject
Project("{FAE04EC0-301F-11D3-BF4B-00C04F79EFBC}") = "UserManagement", "UserManagement\UserManagement.csproj", "{F4816B99-0561-4E99-AC99-0D5889FD1525}"
EndProject
Project("{FAE04EC0-301F-11D3-BF4B-00C04F79EFBC}") = "CRM", "CRM\CRM.csproj", "{6DA1F193-E55C-4B46-859C-37C63208EB5F}"
EndProject
Project("{FAE04EC0-301F-11D3-BF4B-00C04F79EFBC}") = "TicketingSystem", "TicketingSystem\TicketingSystem.csproj", "{3D92E625-9D38-4755-8341-2FE48ABE0804}"
EndProject
Project("{2150E333-8FDC-42A3-9474-1A3956D46DE8}") = "TS.Integrations", "TS.Integrations", "{15C3E23F-90A6-46AF-9850-559D55561C47}"
EndProject
Project("{FAE04EC0-301F-11D3-BF4B-00C04F79EFBC}") = "Domain", "Domain\Domain.csproj", "{C56D15B7-4CA7-4F80-9193-CC95BF38F7F5}"
EndProject
Project("{FAE04EC0-301F-11D3-BF4B-00C04F79EFBC}") = "ApiGetway", "ApiGetway\ApiGetway.csproj", "{6DB003A5-A6B6-4D03-ACE2-5BCAC9DC0CB8}"
EndProject
Project("{2150E333-8FDC-42A3-9474-1A3956D46DE8}") = "Meta", "Meta", "{DCFF8FD5-8DCD-4A0C-B57E-A8776144E61F}"
EndProject
Project("{2150E333-8FDC-42A3-9474-1A3956D46DE8}") = "UCM", "UCM", "{D69ACFA2-4ED1-4EA2-9236-28BE655E0529}"
EndProject
Project("{2150E333-8FDC-42A3-9474-1A3956D46DE8}") = "RDP", "RDP", "{4414DE2F-1B57-490D-83B4-0952F599E3A8}"
EndProject
Project("{FAE04EC0-301F-11D3-BF4B-00C04F79EFBC}") = "UCMServices", "UCMServices\UCMServices.csproj", "{4B09D4DF-4E42-43B7-B0B6-DE34C65A9997}"
EndProject
Project("{FAE04EC0-301F-11D3-BF4B-00C04F79EFBC}") = "RDPServices", "RDPServices\RDPServices.csproj", "{BFFEDD0B-BA88-4BB6-98E1-C75149A7FBDD}"
EndProject
Project("{FAE04EC0-301F-11D3-BF4B-00C04F79EFBC}") = "MetaServices", "MetaServices\MetaServices.csproj", "{0F67C22E-7AE7-4FBB-B29C-71111DC7C9BF}"
EndProject
Project("{FAE04EC0-301F-11D3-BF4B-00C04F79EFBC}") = "Utilities", "Utilities\Utilities.csproj", "{1E3234AE-417F-4E8B-B378-34DCE29BA627}"
EndProject
Project("{FAE04EC0-301F-11D3-BF4B-00C04F79EFBC}") = "Infrastructure", "Infrastructure\Infrastructure.csproj", "{1F2E4DEB-ACC2-439A-B9EE-A1435449424B}"
EndProject
Project("{FAE04EC0-301F-11D3-BF4B-00C04F79EFBC}") = "JWTConfiguration", "JWTConfiguration\JWTConfiguration.csproj", "{8FAEE334-AD6D-4E14-9DF0-A5E05F953D70}"
EndProject
Global
	GlobalSection(SolutionConfigurationPlatforms) = preSolution
		Debug|Any CPU = Debug|Any CPU
		Release|Any CPU = Release|Any CPU
	EndGlobalSection
	GlobalSection(NestedProjects) = preSolution
		{F4816B99-0561-4E99-AC99-0D5889FD1525} = {C028A5A4-D01F-4B5E-99A3-84FF85E54FD6}
		{6DA1F193-E55C-4B46-859C-37C63208EB5F} = {C028A5A4-D01F-4B5E-99A3-84FF85E54FD6}
		{3D92E625-9D38-4755-8341-2FE48ABE0804} = {C028A5A4-D01F-4B5E-99A3-84FF85E54FD6}
		{C56D15B7-4CA7-4F80-9193-CC95BF38F7F5} = {03E759CF-0ADE-40C0-9667-D155FC1B355D}
		{6DB003A5-A6B6-4D03-ACE2-5BCAC9DC0CB8} = {C028A5A4-D01F-4B5E-99A3-84FF85E54FD6}
		{DCFF8FD5-8DCD-4A0C-B57E-A8776144E61F} = {15C3E23F-90A6-46AF-9850-559D55561C47}
		{D69ACFA2-4ED1-4EA2-9236-28BE655E0529} = {15C3E23F-90A6-46AF-9850-559D55561C47}
		{4414DE2F-1B57-490D-83B4-0952F599E3A8} = {15C3E23F-90A6-46AF-9850-559D55561C47}
		{4B09D4DF-4E42-43B7-B0B6-DE34C65A9997} = {D69ACFA2-4ED1-4EA2-9236-28BE655E0529}
		{BFFEDD0B-BA88-4BB6-98E1-C75149A7FBDD} = {4414DE2F-1B57-490D-83B4-0952F599E3A8}
		{0F67C22E-7AE7-4FBB-B29C-71111DC7C9BF} = {DCFF8FD5-8DCD-4A0C-B57E-A8776144E61F}
		{1E3234AE-417F-4E8B-B378-34DCE29BA627} = {072F690C-C3C8-4531-A951-E09A975B4698}
		{1F2E4DEB-ACC2-439A-B9EE-A1435449424B} = {03E759CF-0ADE-40C0-9667-D155FC1B355D}
		{8FAEE334-AD6D-4E14-9DF0-A5E05F953D70} = {C028A5A4-D01F-4B5E-99A3-84FF85E54FD6}
	EndGlobalSection
	GlobalSection(ProjectConfigurationPlatforms) = postSolution
		{F4816B99-0561-4E99-AC99-0D5889FD1525}.Debug|Any CPU.ActiveCfg = Debug|Any CPU
		{F4816B99-0561-4E99-AC99-0D5889FD1525}.Debug|Any CPU.Build.0 = Debug|Any CPU
		{F4816B99-0561-4E99-AC99-0D5889FD1525}.Release|Any CPU.ActiveCfg = Release|Any CPU
		{F4816B99-0561-4E99-AC99-0D5889FD1525}.Release|Any CPU.Build.0 = Release|Any CPU
		{6DA1F193-E55C-4B46-859C-37C63208EB5F}.Debug|Any CPU.ActiveCfg = Debug|Any CPU
		{6DA1F193-E55C-4B46-859C-37C63208EB5F}.Debug|Any CPU.Build.0 = Debug|Any CPU
		{6DA1F193-E55C-4B46-859C-37C63208EB5F}.Release|Any CPU.ActiveCfg = Release|Any CPU
		{6DA1F193-E55C-4B46-859C-37C63208EB5F}.Release|Any CPU.Build.0 = Release|Any CPU
		{3D92E625-9D38-4755-8341-2FE48ABE0804}.Debug|Any CPU.ActiveCfg = Debug|Any CPU
		{3D92E625-9D38-4755-8341-2FE48ABE0804}.Debug|Any CPU.Build.0 = Debug|Any CPU
		{3D92E625-9D38-4755-8341-2FE48ABE0804}.Release|Any CPU.ActiveCfg = Release|Any CPU
		{3D92E625-9D38-4755-8341-2FE48ABE0804}.Release|Any CPU.Build.0 = Release|Any CPU
		{C56D15B7-4CA7-4F80-9193-CC95BF38F7F5}.Debug|Any CPU.ActiveCfg = Debug|Any CPU
		{C56D15B7-4CA7-4F80-9193-CC95BF38F7F5}.Debug|Any CPU.Build.0 = Debug|Any CPU
		{C56D15B7-4CA7-4F80-9193-CC95BF38F7F5}.Release|Any CPU.ActiveCfg = Release|Any CPU
		{C56D15B7-4CA7-4F80-9193-CC95BF38F7F5}.Release|Any CPU.Build.0 = Release|Any CPU
		{6DB003A5-A6B6-4D03-ACE2-5BCAC9DC0CB8}.Debug|Any CPU.ActiveCfg = Debug|Any CPU
		{6DB003A5-A6B6-4D03-ACE2-5BCAC9DC0CB8}.Debug|Any CPU.Build.0 = Debug|Any CPU
		{6DB003A5-A6B6-4D03-ACE2-5BCAC9DC0CB8}.Release|Any CPU.ActiveCfg = Release|Any CPU
		{6DB003A5-A6B6-4D03-ACE2-5BCAC9DC0CB8}.Release|Any CPU.Build.0 = Release|Any CPU
		{4B09D4DF-4E42-43B7-B0B6-DE34C65A9997}.Debug|Any CPU.ActiveCfg = Debug|Any CPU
		{4B09D4DF-4E42-43B7-B0B6-DE34C65A9997}.Debug|Any CPU.Build.0 = Debug|Any CPU
		{4B09D4DF-4E42-43B7-B0B6-DE34C65A9997}.Release|Any CPU.ActiveCfg = Release|Any CPU
		{4B09D4DF-4E42-43B7-B0B6-DE34C65A9997}.Release|Any CPU.Build.0 = Release|Any CPU
		{BFFEDD0B-BA88-4BB6-98E1-C75149A7FBDD}.Debug|Any CPU.ActiveCfg = Debug|Any CPU
		{BFFEDD0B-BA88-4BB6-98E1-C75149A7FBDD}.Debug|Any CPU.Build.0 = Debug|Any CPU
		{BFFEDD0B-BA88-4BB6-98E1-C75149A7FBDD}.Release|Any CPU.ActiveCfg = Release|Any CPU
		{BFFEDD0B-BA88-4BB6-98E1-C75149A7FBDD}.Release|Any CPU.Build.0 = Release|Any CPU
		{0F67C22E-7AE7-4FBB-B29C-71111DC7C9BF}.Debug|Any CPU.ActiveCfg = Debug|Any CPU
		{0F67C22E-7AE7-4FBB-B29C-71111DC7C9BF}.Debug|Any CPU.Build.0 = Debug|Any CPU
		{0F67C22E-7AE7-4FBB-B29C-71111DC7C9BF}.Release|Any CPU.ActiveCfg = Release|Any CPU
		{0F67C22E-7AE7-4FBB-B29C-71111DC7C9BF}.Release|Any CPU.Build.0 = Release|Any CPU
		{1E3234AE-417F-4E8B-B378-34DCE29BA627}.Debug|Any CPU.ActiveCfg = Debug|Any CPU
		{1E3234AE-417F-4E8B-B378-34DCE29BA627}.Debug|Any CPU.Build.0 = Debug|Any CPU
		{1E3234AE-417F-4E8B-B378-34DCE29BA627}.Release|Any CPU.ActiveCfg = Release|Any CPU
		{1E3234AE-417F-4E8B-B378-34DCE29BA627}.Release|Any CPU.Build.0 = Release|Any CPU
		{1F2E4DEB-ACC2-439A-B9EE-A1435449424B}.Debug|Any CPU.ActiveCfg = Debug|Any CPU
		{1F2E4DEB-ACC2-439A-B9EE-A1435449424B}.Debug|Any CPU.Build.0 = Debug|Any CPU
		{1F2E4DEB-ACC2-439A-B9EE-A1435449424B}.Release|Any CPU.ActiveCfg = Release|Any CPU
		{1F2E4DEB-ACC2-439A-B9EE-A1435449424B}.Release|Any CPU.Build.0 = Release|Any CPU
		{8FAEE334-AD6D-4E14-9DF0-A5E05F953D70}.Debug|Any CPU.ActiveCfg = Debug|Any CPU
		{8FAEE334-AD6D-4E14-9DF0-A5E05F953D70}.Debug|Any CPU.Build.0 = Debug|Any CPU
		{8FAEE334-AD6D-4E14-9DF0-A5E05F953D70}.Release|Any CPU.ActiveCfg = Release|Any CPU
		{8FAEE334-AD6D-4E14-9DF0-A5E05F953D70}.Release|Any CPU.Build.0 = Release|Any CPU
	EndGlobalSection
EndGlobal
